// !$*UTF8*$!
{
	archiveVersion = 1;
	classes = {
	};
	objectVersion = 50;
	objects = {

/* Begin PBXBuildFile section */
		1DD15C605543F8FEF401A4C8 /* Pods_Chat1.framework in Frameworks */ = {isa = PBXBuildFile; fileRef = 0910305F9587B524445F319C /* Pods_Chat1.framework */; };
		E816627621E8431400A35F1B /* AppDelegate.swift in Sources */ = {isa = PBXBuildFile; fileRef = E816627521E8431400A35F1B /* AppDelegate.swift */; };
		E816627821E8431400A35F1B /* MessagesController.swift in Sources */ = {isa = PBXBuildFile; fileRef = E816627721E8431400A35F1B /* MessagesController.swift */; };
		E816627B21E8431400A35F1B /* Main.storyboard in Resources */ = {isa = PBXBuildFile; fileRef = E816627921E8431400A35F1B /* Main.storyboard */; };
		E816627D21E8431500A35F1B /* Assets.xcassets in Resources */ = {isa = PBXBuildFile; fileRef = E816627C21E8431500A35F1B /* Assets.xcassets */; };
		E816628021E8431500A35F1B /* LaunchScreen.storyboard in Resources */ = {isa = PBXBuildFile; fileRef = E816627E21E8431500A35F1B /* LaunchScreen.storyboard */; };
		E816628821E843A300A35F1B /* GoogleService-Info.plist in Resources */ = {isa = PBXBuildFile; fileRef = E816628721E843A300A35F1B /* GoogleService-Info.plist */; };
		E816628B21E860F400A35F1B /* LoginViewController.swift in Sources */ = {isa = PBXBuildFile; fileRef = E816628A21E860F400A35F1B /* LoginViewController.swift */; };
		E816628D21EC72EE00A35F1B /* NewMessageController.swift in Sources */ = {isa = PBXBuildFile; fileRef = E816628C21EC72EE00A35F1B /* NewMessageController.swift */; };
		E816629821ED366600A35F1B /* MyUser.swift in Sources */ = {isa = PBXBuildFile; fileRef = E816629721ED366600A35F1B /* MyUser.swift */; };
		E816629A21ED4AB300A35F1B /* LoginController+handlers.swift in Sources */ = {isa = PBXBuildFile; fileRef = E816629921ED4AB300A35F1B /* LoginController+handlers.swift */; };
		E816629D21EE634A00A35F1B /* Extentions.swift in Sources */ = {isa = PBXBuildFile; fileRef = E816629C21EE634A00A35F1B /* Extentions.swift */; };
		E816629F21EFBF7A00A35F1B /* ChatLogController.swift in Sources */ = {isa = PBXBuildFile; fileRef = E816629E21EFBF7A00A35F1B /* ChatLogController.swift */; };
		E81662A121EFD6B400A35F1B /* Message.swift in Sources */ = {isa = PBXBuildFile; fileRef = E81662A021EFD6B400A35F1B /* Message.swift */; };
		E81662A421F0453800A35F1B /* UserCell.swift in Sources */ = {isa = PBXBuildFile; fileRef = E81662A321F0453800A35F1B /* UserCell.swift */; };
		E81662A621F11AAA00A35F1B /* ChatMessageCell.swift in Sources */ = {isa = PBXBuildFile; fileRef = E81662A521F11AAA00A35F1B /* ChatMessageCell.swift */; };
		E897E386220FD96600C27AB8 /* CameraController.swift in Sources */ = {isa = PBXBuildFile; fileRef = E897E385220FD96600C27AB8 /* CameraController.swift */; };
		E897E388220FD97800C27AB8 /* Resnet50.mlmodel in Sources */ = {isa = PBXBuildFile; fileRef = E897E387220FD97800C27AB8 /* Resnet50.mlmodel */; };
		E8B669BE221095F6006901F3 /* mlModel.mlmodel in Sources */ = {isa = PBXBuildFile; fileRef = E8B669BD221095F6006901F3 /* mlModel.mlmodel */; };
		E8F8E2B72210AF36008605EE /* ScoreViewController.swift in Sources */ = {isa = PBXBuildFile; fileRef = E8F8E2B62210AF36008605EE /* ScoreViewController.swift */; };
/* End PBXBuildFile section */

/* Begin PBXFileReference section */
		0910305F9587B524445F319C /* Pods_Chat1.framework */ = {isa = PBXFileReference; explicitFileType = wrapper.framework; includeInIndex = 0; path = Pods_Chat1.framework; sourceTree = BUILT_PRODUCTS_DIR; };
		355B8115BF3B0F8B8C3A97B2 /* Pods-Chat1.debug.xcconfig */ = {isa = PBXFileReference; includeInIndex = 1; lastKnownFileType = text.xcconfig; name = "Pods-Chat1.debug.xcconfig"; path = "Target Support Files/Pods-Chat1/Pods-Chat1.debug.xcconfig"; sourceTree = "<group>"; };
		6685CC1542FDDE2DB3C04E49 /* Pods-Chat1.release.xcconfig */ = {isa = PBXFileReference; includeInIndex = 1; lastKnownFileType = text.xcconfig; name = "Pods-Chat1.release.xcconfig"; path = "Target Support Files/Pods-Chat1/Pods-Chat1.release.xcconfig"; sourceTree = "<group>"; };
		E816627221E8431400A35F1B /* Chat1.app */ = {isa = PBXFileReference; explicitFileType = wrapper.application; includeInIndex = 0; path = Chat1.app; sourceTree = BUILT_PRODUCTS_DIR; };
		E816627521E8431400A35F1B /* AppDelegate.swift */ = {isa = PBXFileReference; lastKnownFileType = sourcecode.swift; path = AppDelegate.swift; sourceTree = "<group>"; };
		E816627721E8431400A35F1B /* MessagesController.swift */ = {isa = PBXFileReference; lastKnownFileType = sourcecode.swift; path = MessagesController.swift; sourceTree = "<group>"; };
		E816627A21E8431400A35F1B /* Base */ = {isa = PBXFileReference; lastKnownFileType = file.storyboard; name = Base; path = Base.lproj/Main.storyboard; sourceTree = "<group>"; };
		E816627C21E8431500A35F1B /* Assets.xcassets */ = {isa = PBXFileReference; lastKnownFileType = folder.assetcatalog; path = Assets.xcassets; sourceTree = "<group>"; };
		E816627F21E8431500A35F1B /* Base */ = {isa = PBXFileReference; lastKnownFileType = file.storyboard; name = Base; path = Base.lproj/LaunchScreen.storyboard; sourceTree = "<group>"; };
		E816628121E8431500A35F1B /* Info.plist */ = {isa = PBXFileReference; lastKnownFileType = text.plist.xml; path = Info.plist; sourceTree = "<group>"; };
		E816628721E843A300A35F1B /* GoogleService-Info.plist */ = {isa = PBXFileReference; fileEncoding = 4; lastKnownFileType = text.plist.xml; path = "GoogleService-Info.plist"; sourceTree = "<group>"; };
		E816628A21E860F400A35F1B /* LoginViewController.swift */ = {isa = PBXFileReference; lastKnownFileType = sourcecode.swift; path = LoginViewController.swift; sourceTree = "<group>"; };
		E816628C21EC72EE00A35F1B /* NewMessageController.swift */ = {isa = PBXFileReference; lastKnownFileType = sourcecode.swift; path = NewMessageController.swift; sourceTree = "<group>"; };
		E816629721ED366600A35F1B /* MyUser.swift */ = {isa = PBXFileReference; lastKnownFileType = sourcecode.swift; path = MyUser.swift; sourceTree = "<group>"; };
		E816629921ED4AB300A35F1B /* LoginController+handlers.swift */ = {isa = PBXFileReference; lastKnownFileType = sourcecode.swift; path = "LoginController+handlers.swift"; sourceTree = "<group>"; };
		E816629C21EE634A00A35F1B /* Extentions.swift */ = {isa = PBXFileReference; lastKnownFileType = sourcecode.swift; path = Extentions.swift; sourceTree = "<group>"; };
		E816629E21EFBF7A00A35F1B /* ChatLogController.swift */ = {isa = PBXFileReference; lastKnownFileType = sourcecode.swift; path = ChatLogController.swift; sourceTree = "<group>"; };
		E81662A021EFD6B400A35F1B /* Message.swift */ = {isa = PBXFileReference; lastKnownFileType = sourcecode.swift; path = Message.swift; sourceTree = "<group>"; };
		E81662A321F0453800A35F1B /* UserCell.swift */ = {isa = PBXFileReference; lastKnownFileType = sourcecode.swift; path = UserCell.swift; sourceTree = "<group>"; };
		E81662A521F11AAA00A35F1B /* ChatMessageCell.swift */ = {isa = PBXFileReference; lastKnownFileType = sourcecode.swift; path = ChatMessageCell.swift; sourceTree = "<group>"; };
		E854F2FA22100E61004AF0B6 /* optimized_graph.lite */ = {isa = PBXFileReference; lastKnownFileType = file; path = optimized_graph.lite; sourceTree = "<group>"; };
		E897E385220FD96600C27AB8 /* CameraController.swift */ = {isa = PBXFileReference; lastKnownFileType = sourcecode.swift; path = CameraController.swift; sourceTree = "<group>"; };
		E897E387220FD97800C27AB8 /* Resnet50.mlmodel */ = {isa = PBXFileReference; lastKnownFileType = file.mlmodel; path = Resnet50.mlmodel; sourceTree = "<group>"; };
		E8B669BD221095F6006901F3 /* mlModel.mlmodel */ = {isa = PBXFileReference; lastKnownFileType = file.mlmodel; path = mlModel.mlmodel; sourceTree = "<group>"; };
		E8F8E2B62210AF36008605EE /* ScoreViewController.swift */ = {isa = PBXFileReference; lastKnownFileType = sourcecode.swift; path = ScoreViewController.swift; sourceTree = "<group>"; };
/* End PBXFileReference section */

/* Begin PBXFrameworksBuildPhase section */
		E816626F21E8431400A35F1B /* Frameworks */ = {
			isa = PBXFrameworksBuildPhase;
			buildActionMask = 2147483647;
			files = (
				1DD15C605543F8FEF401A4C8 /* Pods_Chat1.framework in Frameworks */,
			);
			runOnlyForDeploymentPostprocessing = 0;
		};
/* End PBXFrameworksBuildPhase section */

/* Begin PBXGroup section */
		43CA3CA1C55DF751D278D6A7 /* Frameworks */ = {
			isa = PBXGroup;
			children = (
				0910305F9587B524445F319C /* Pods_Chat1.framework */,
			);
			name = Frameworks;
			sourceTree = "<group>";
		};
		635D82D54169576AD5F40D38 /* Pods */ = {
			isa = PBXGroup;
			children = (
				355B8115BF3B0F8B8C3A97B2 /* Pods-Chat1.debug.xcconfig */,
				6685CC1542FDDE2DB3C04E49 /* Pods-Chat1.release.xcconfig */,
			);
			path = Pods;
			sourceTree = "<group>";
		};
		E816626921E8431400A35F1B = {
			isa = PBXGroup;
			children = (
				E816627421E8431400A35F1B /* Chat1 */,
				E816627321E8431400A35F1B /* Products */,
				635D82D54169576AD5F40D38 /* Pods */,
				43CA3CA1C55DF751D278D6A7 /* Frameworks */,
			);
			sourceTree = "<group>";
		};
		E816627321E8431400A35F1B /* Products */ = {
			isa = PBXGroup;
			children = (
				E816627221E8431400A35F1B /* Chat1.app */,
			);
			name = Products;
			sourceTree = "<group>";
		};
		E816627421E8431400A35F1B /* Chat1 */ = {
			isa = PBXGroup;
			children = (
				E81662A221F044F500A35F1B /* View */,
				E816629B21EE633000A35F1B /* Helpers */,
				E816629621ED363D00A35F1B /* UserClass */,
				E816628921E860BC00A35F1B /* Controller */,
				E816627521E8431400A35F1B /* AppDelegate.swift */,
				E8B669BD221095F6006901F3 /* mlModel.mlmodel */,
				E854F2FA22100E61004AF0B6 /* optimized_graph.lite */,
				E897E387220FD97800C27AB8 /* Resnet50.mlmodel */,
				E816627921E8431400A35F1B /* Main.storyboard */,
				E816627C21E8431500A35F1B /* Assets.xcassets */,
				E816628721E843A300A35F1B /* GoogleService-Info.plist */,
				E816627E21E8431500A35F1B /* LaunchScreen.storyboard */,
				E816628121E8431500A35F1B /* Info.plist */,
			);
			path = Chat1;
			sourceTree = "<group>";
		};
		E816628921E860BC00A35F1B /* Controller */ = {
			isa = PBXGroup;
			children = (
				E816628A21E860F400A35F1B /* LoginViewController.swift */,
				E816627721E8431400A35F1B /* MessagesController.swift */,
				E816628C21EC72EE00A35F1B /* NewMessageController.swift */,
				E816629921ED4AB300A35F1B /* LoginController+handlers.swift */,
				E816629E21EFBF7A00A35F1B /* ChatLogController.swift */,
				E897E385220FD96600C27AB8 /* CameraController.swift */,
				E8F8E2B62210AF36008605EE /* ScoreViewController.swift */,
			);
			path = Controller;
			sourceTree = "<group>";
		};
		E816629621ED363D00A35F1B /* UserClass */ = {
			isa = PBXGroup;
			children = (
				E816629721ED366600A35F1B /* MyUser.swift */,
				E81662A021EFD6B400A35F1B /* Message.swift */,
			);
			path = UserClass;
			sourceTree = "<group>";
		};
		E816629B21EE633000A35F1B /* Helpers */ = {
			isa = PBXGroup;
			children = (
				E816629C21EE634A00A35F1B /* Extentions.swift */,
			);
			path = Helpers;
			sourceTree = "<group>";
		};
		E81662A221F044F500A35F1B /* View */ = {
			isa = PBXGroup;
			children = (
				E81662A321F0453800A35F1B /* UserCell.swift */,
				E81662A521F11AAA00A35F1B /* ChatMessageCell.swift */,
			);
			path = View;
			sourceTree = "<group>";
		};
/* End PBXGroup section */

/* Begin PBXNativeTarget section */
		E816627121E8431400A35F1B /* Chat1 */ = {
			isa = PBXNativeTarget;
			buildConfigurationList = E816628421E8431500A35F1B /* Build configuration list for PBXNativeTarget "Chat1" */;
			buildPhases = (
				7FB966E593C581CD74B1DA45 /* [CP] Check Pods Manifest.lock */,
				E816626E21E8431400A35F1B /* Sources */,
				E816626F21E8431400A35F1B /* Frameworks */,
				E816627021E8431400A35F1B /* Resources */,
				23690FA3BEFBA059EC3ECA38 /* [CP] Embed Pods Frameworks */,
			);
			buildRules = (
			);
			dependencies = (
			);
			name = Chat1;
			productName = Chat1;
			productReference = E816627221E8431400A35F1B /* Chat1.app */;
			productType = "com.apple.product-type.application";
		};
/* End PBXNativeTarget section */

/* Begin PBXProject section */
		E816626A21E8431400A35F1B /* Project object */ = {
			isa = PBXProject;
			attributes = {
				LastSwiftUpdateCheck = 1010;
				LastUpgradeCheck = 1010;
				ORGANIZATIONNAME = "Micah Yong";
				TargetAttributes = {
					E816627121E8431400A35F1B = {
						CreatedOnToolsVersion = 10.1;
					};
				};
			};
			buildConfigurationList = E816626D21E8431400A35F1B /* Build configuration list for PBXProject "Chat1" */;
			compatibilityVersion = "Xcode 9.3";
			developmentRegion = en;
			hasScannedForEncodings = 0;
			knownRegions = (
				en,
				Base,
			);
			mainGroup = E816626921E8431400A35F1B;
			productRefGroup = E816627321E8431400A35F1B /* Products */;
			projectDirPath = "";
			projectRoot = "";
			targets = (
				E816627121E8431400A35F1B /* Chat1 */,
			);
		};
/* End PBXProject section */

/* Begin PBXResourcesBuildPhase section */
		E816627021E8431400A35F1B /* Resources */ = {
			isa = PBXResourcesBuildPhase;
			buildActionMask = 2147483647;
			files = (
				E816628021E8431500A35F1B /* LaunchScreen.storyboard in Resources */,
				E816628821E843A300A35F1B /* GoogleService-Info.plist in Resources */,
				E816627D21E8431500A35F1B /* Assets.xcassets in Resources */,
				E816627B21E8431400A35F1B /* Main.storyboard in Resources */,
			);
			runOnlyForDeploymentPostprocessing = 0;
		};
/* End PBXResourcesBuildPhase section */

/* Begin PBXShellScriptBuildPhase section */
		23690FA3BEFBA059EC3ECA38 /* [CP] Embed Pods Frameworks */ = {
			isa = PBXShellScriptBuildPhase;
			buildActionMask = 2147483647;
			files = (
			);
			inputFileListPaths = (
			);
			inputPaths = (
				"${PODS_ROOT}/Target Support Files/Pods-Chat1/Pods-Chat1-frameworks.sh",
				"${BUILT_PRODUCTS_DIR}/GTMSessionFetcher/GTMSessionFetcher.framework",
				"${BUILT_PRODUCTS_DIR}/GoogleUtilities/GoogleUtilities.framework",
				"${BUILT_PRODUCTS_DIR}/leveldb-library/leveldb.framework",
				"${BUILT_PRODUCTS_DIR}/nanopb/nanopb.framework",
			);
			name = "[CP] Embed Pods Frameworks";
			outputFileListPaths = (
			);
			outputPaths = (
				"${TARGET_BUILD_DIR}/${FRAMEWORKS_FOLDER_PATH}/GTMSessionFetcher.framework",
				"${TARGET_BUILD_DIR}/${FRAMEWORKS_FOLDER_PATH}/GoogleUtilities.framework",
				"${TARGET_BUILD_DIR}/${FRAMEWORKS_FOLDER_PATH}/leveldb.framework",
				"${TARGET_BUILD_DIR}/${FRAMEWORKS_FOLDER_PATH}/nanopb.framework",
			);
			runOnlyForDeploymentPostprocessing = 0;
			shellPath = /bin/sh;
			shellScript = "\"${PODS_ROOT}/Target Support Files/Pods-Chat1/Pods-Chat1-frameworks.sh\"\n";
			showEnvVarsInLog = 0;
		};
		7FB966E593C581CD74B1DA45 /* [CP] Check Pods Manifest.lock */ = {
			isa = PBXShellScriptBuildPhase;
			buildActionMask = 2147483647;
			files = (
			);
			inputFileListPaths = (
			);
			inputPaths = (
				"${PODS_PODFILE_DIR_PATH}/Podfile.lock",
				"${PODS_ROOT}/Manifest.lock",
			);
			name = "[CP] Check Pods Manifest.lock";
			outputFileListPaths = (
			);
			outputPaths = (
				"$(DERIVED_FILE_DIR)/Pods-Chat1-checkManifestLockResult.txt",
			);
			runOnlyForDeploymentPostprocessing = 0;
			shellPath = /bin/sh;
			shellScript = "diff \"${PODS_PODFILE_DIR_PATH}/Podfile.lock\" \"${PODS_ROOT}/Manifest.lock\" > /dev/null\nif [ $? != 0 ] ; then\n    # print error to STDERR\n    echo \"error: The sandbox is not in sync with the Podfile.lock. Run 'pod install' or update your CocoaPods installation.\" >&2\n    exit 1\nfi\n# This output is used by Xcode 'outputs' to avoid re-running this script phase.\necho \"SUCCESS\" > \"${SCRIPT_OUTPUT_FILE_0}\"\n";
			showEnvVarsInLog = 0;
		};
/* End PBXShellScriptBuildPhase section */

/* Begin PBXSourcesBuildPhase section */
		E816626E21E8431400A35F1B /* Sources */ = {
			isa = PBXSourcesBuildPhase;
			buildActionMask = 2147483647;
			files = (
				E816629F21EFBF7A00A35F1B /* ChatLogController.swift in Sources */,
				E816628D21EC72EE00A35F1B /* NewMessageController.swift in Sources */,
				E8F8E2B72210AF36008605EE /* ScoreViewController.swift in Sources */,
				E816628B21E860F400A35F1B /* LoginViewController.swift in Sources */,
				E81662A121EFD6B400A35F1B /* Message.swift in Sources */,
				E816629A21ED4AB300A35F1B /* LoginController+handlers.swift in Sources */,
				E816629821ED366600A35F1B /* MyUser.swift in Sources */,
				E897E386220FD96600C27AB8 /* CameraController.swift in Sources */,
				E8B669BE221095F6006901F3 /* mlModel.mlmodel in Sources */,
				E816627821E8431400A35F1B /* MessagesController.swift in Sources */,
				E897E388220FD97800C27AB8 /* Resnet50.mlmodel in Sources */,
				E81662A621F11AAA00A35F1B /* ChatMessageCell.swift in Sources */,
				E816627621E8431400A35F1B /* AppDelegate.swift in Sources */,
				E81662A421F0453800A35F1B /* UserCell.swift in Sources */,
				E816629D21EE634A00A35F1B /* Extentions.swift in Sources */,
			);
			runOnlyForDeploymentPostprocessing = 0;
		};
/* End PBXSourcesBuildPhase section */

/* Begin PBXVariantGroup section */
		E816627921E8431400A35F1B /* Main.storyboard */ = {
			isa = PBXVariantGroup;
			children = (
				E816627A21E8431400A35F1B /* Base */,
			);
			name = Main.storyboard;
			sourceTree = "<group>";
		};
		E816627E21E8431500A35F1B /* LaunchScreen.storyboard */ = {
			isa = PBXVariantGroup;
			children = (
				E816627F21E8431500A35F1B /* Base */,
			);
			name = LaunchScreen.storyboard;
			sourceTree = "<group>";
		};
/* End PBXVariantGroup section */

/* Begin XCBuildConfiguration section */
		E816628221E8431500A35F1B /* Debug */ = {
			isa = XCBuildConfiguration;
			buildSettings = {
				ALWAYS_SEARCH_USER_PATHS = NO;
				CLANG_ANALYZER_NONNULL = YES;
				CLANG_ANALYZER_NUMBER_OBJECT_CONVERSION = YES_AGGRESSIVE;
				CLANG_CXX_LANGUAGE_STANDARD = "gnu++14";
				CLANG_CXX_LIBRARY = "libc++";
				CLANG_ENABLE_MODULES = YES;
				CLANG_ENABLE_OBJC_ARC = YES;
				CLANG_ENABLE_OBJC_WEAK = YES;
				CLANG_WARN_BLOCK_CAPTURE_AUTORELEASING = YES;
				CLANG_WARN_BOOL_CONVERSION = YES;
				CLANG_WARN_COMMA = YES;
				CLANG_WARN_CONSTANT_CONVERSION = YES;
				CLANG_WARN_DEPRECATED_OBJC_IMPLEMENTATIONS = YES;
				CLANG_WARN_DIRECT_OBJC_ISA_USAGE = YES_ERROR;
				CLANG_WARN_DOCUMENTATION_COMMENTS = YES;
				CLANG_WARN_EMPTY_BODY = YES;
				CLANG_WARN_ENUM_CONVERSION = YES;
				CLANG_WARN_INFINITE_RECURSION = YES;
				CLANG_WARN_INT_CONVERSION = YES;
				CLANG_WARN_NON_LITERAL_NULL_CONVERSION = YES;
				CLANG_WARN_OBJC_IMPLICIT_RETAIN_SELF = YES;
				CLANG_WARN_OBJC_LITERAL_CONVERSION = YES;
				CLANG_WARN_OBJC_ROOT_CLASS = YES_ERROR;
				CLANG_WARN_RANGE_LOOP_ANALYSIS = YES;
				CLANG_WARN_STRICT_PROTOTYPES = YES;
				CLANG_WARN_SUSPICIOUS_MOVE = YES;
				CLANG_WARN_UNGUARDED_AVAILABILITY = YES_AGGRESSIVE;
				CLANG_WARN_UNREACHABLE_CODE = YES;
				CLANG_WARN__DUPLICATE_METHOD_MATCH = YES;
				CODE_SIGN_IDENTITY = "iPhone Developer";
				COPY_PHASE_STRIP = NO;
				DEBUG_INFORMATION_FORMAT = dwarf;
				ENABLE_STRICT_OBJC_MSGSEND = YES;
				ENABLE_TESTABILITY = YES;
				GCC_C_LANGUAGE_STANDARD = gnu11;
				GCC_DYNAMIC_NO_PIC = NO;
				GCC_NO_COMMON_BLOCKS = YES;
				GCC_OPTIMIZATION_LEVEL = 0;
				GCC_PREPROCESSOR_DEFINITIONS = (
					"DEBUG=1",
					"$(inherited)",
				);
				GCC_WARN_64_TO_32_BIT_CONVERSION = YES;
				GCC_WARN_ABOUT_RETURN_TYPE = YES_ERROR;
				GCC_WARN_UNDECLARED_SELECTOR = YES;
				GCC_WARN_UNINITIALIZED_AUTOS = YES_AGGRESSIVE;
				GCC_WARN_UNUSED_FUNCTION = YES;
				GCC_WARN_UNUSED_VARIABLE = YES;
				IPHONEOS_DEPLOYMENT_TARGET = 12.1;
				MTL_ENABLE_DEBUG_INFO = INCLUDE_SOURCE;
				MTL_FAST_MATH = YES;
				ONLY_ACTIVE_ARCH = YES;
				SDKROOT = iphoneos;
				SWIFT_ACTIVE_COMPILATION_CONDITIONS = DEBUG;
				SWIFT_OPTIMIZATION_LEVEL = "-Onone";
			};
			name = Debug;
		};
		E816628321E8431500A35F1B /* Release */ = {
			isa = XCBuildConfiguration;
			buildSettings = {
				ALWAYS_SEARCH_USER_PATHS = NO;
				CLANG_ANALYZER_NONNULL = YES;
				CLANG_ANALYZER_NUMBER_OBJECT_CONVERSION = YES_AGGRESSIVE;
				CLANG_CXX_LANGUAGE_STANDARD = "gnu++14";
				CLANG_CXX_LIBRARY = "libc++";
				CLANG_ENABLE_MODULES = YES;
				CLANG_ENABLE_OBJC_ARC = YES;
				CLANG_ENABLE_OBJC_WEAK = YES;
				CLANG_WARN_BLOCK_CAPTURE_AUTORELEASING = YES;
				CLANG_WARN_BOOL_CONVERSION = YES;
				CLANG_WARN_COMMA = YES;
				CLANG_WARN_CONSTANT_CONVERSION = YES;
				CLANG_WARN_DEPRECATED_OBJC_IMPLEMENTATIONS = YES;
				CLANG_WARN_DIRECT_OBJC_ISA_USAGE = YES_ERROR;
				CLANG_WARN_DOCUMENTATION_COMMENTS = YES;
				CLANG_WARN_EMPTY_BODY = YES;
				CLANG_WARN_ENUM_CONVERSION = YES;
				CLANG_WARN_INFINITE_RECURSION = YES;
				CLANG_WARN_INT_CONVERSION = YES;
				CLANG_WARN_NON_LITERAL_NULL_CONVERSION = YES;
				CLANG_WARN_OBJC_IMPLICIT_RETAIN_SELF = YES;
				CLANG_WARN_OBJC_LITERAL_CONVERSION = YES;
				CLANG_WARN_OBJC_ROOT_CLASS = YES_ERROR;
				CLANG_WARN_RANGE_LOOP_ANALYSIS = YES;
				CLANG_WARN_STRICT_PROTOTYPES = YES;
				CLANG_WARN_SUSPICIOUS_MOVE = YES;
				CLANG_WARN_UNGUARDED_AVAILABILITY = YES_AGGRESSIVE;
				CLANG_WARN_UNREACHABLE_CODE = YES;
				CLANG_WARN__DUPLICATE_METHOD_MATCH = YES;
				CODE_SIGN_IDENTITY = "iPhone Developer";
				COPY_PHASE_STRIP = NO;
				DEBUG_INFORMATION_FORMAT = "dwarf-with-dsym";
				ENABLE_NS_ASSERTIONS = NO;
				ENABLE_STRICT_OBJC_MSGSEND = YES;
				GCC_C_LANGUAGE_STANDARD = gnu11;
				GCC_NO_COMMON_BLOCKS = YES;
				GCC_WARN_64_TO_32_BIT_CONVERSION = YES;
				GCC_WARN_ABOUT_RETURN_TYPE = YES_ERROR;
				GCC_WARN_UNDECLARED_SELECTOR = YES;
				GCC_WARN_UNINITIALIZED_AUTOS = YES_AGGRESSIVE;
				GCC_WARN_UNUSED_FUNCTION = YES;
				GCC_WARN_UNUSED_VARIABLE = YES;
				IPHONEOS_DEPLOYMENT_TARGET = 12.1;
				MTL_ENABLE_DEBUG_INFO = NO;
				MTL_FAST_MATH = YES;
				SDKROOT = iphoneos;
				SWIFT_COMPILATION_MODE = wholemodule;
				SWIFT_OPTIMIZATION_LEVEL = "-O";
				VALIDATE_PRODUCT = YES;
			};
			name = Release;
		};
		E816628521E8431500A35F1B /* Debug */ = {
			isa = XCBuildConfiguration;
			baseConfigurationReference = 355B8115BF3B0F8B8C3A97B2 /* Pods-Chat1.debug.xcconfig */;
			buildSettings = {
				ASSETCATALOG_COMPILER_APPICON_NAME = AppIcon;
				CODE_SIGN_STYLE = Automatic;
				DEVELOPMENT_TEAM = Y88B368L4C;
				INFOPLIST_FILE = Chat1/Info.plist;
				LD_RUNPATH_SEARCH_PATHS = (
					"$(inherited)",
					"@executable_path/Frameworks",
				);
				PRODUCT_BUNDLE_IDENTIFIER = com.projectsbymicah.BuildABod;
				PRODUCT_NAME = "$(TARGET_NAME)";
				SWIFT_VERSION = 4.2;
				TARGETED_DEVICE_FAMILY = "1,2";
			};
			name = Debug;
		};
		E816628621E8431500A35F1B /* Release */ = {
			isa = XCBuildConfiguration;
			baseConfigurationReference = 6685CC1542FDDE2DB3C04E49 /* Pods-Chat1.release.xcconfig */;
			buildSettings = {
				ASSETCATALOG_COMPILER_APPICON_NAME = AppIcon;
				CODE_SIGN_STYLE = Automatic;
				DEVELOPMENT_TEAM = Y88B368L4C;
				INFOPLIST_FILE = Chat1/Info.plist;
				LD_RUNPATH_SEARCH_PATHS = (
					"$(inherited)",
					"@executable_path/Frameworks",
				);
				PRODUCT_BUNDLE_IDENTIFIER = com.projectsbymicah.BuildABod;
				PRODUCT_NAME = "$(TARGET_NAME)";
				SWIFT_VERSION = 4.2;
				TARGETED_DEVICE_FAMILY = "1,2";
			};
			name = Release;
		};
/* End XCBuildConfiguration section */

/* Begin XCConfigurationList section */
		E816626D21E8431400A35F1B /* Build configuration list for PBXProject "Chat1" */ = {
			isa = XCConfigurationList;
			buildConfigurations = (
				E816628221E8431500A35F1B /* Debug */,
				E816628321E8431500A35F1B /* Release */,
			);
			defaultConfigurationIsVisible = 0;
			defaultConfigurationName = Release;
		};
		E816628421E8431500A35F1B /* Build configuration list for PBXNativeTarget "Chat1" */ = {
			isa = XCConfigurationList;
			buildConfigurations = (
				E816628521E8431500A35F1B /* Debug */,
				E816628621E8431500A35F1B /* Release */,
			);
			defaultConfigurationIsVisible = 0;
			defaultConfigurationName = Release;
		};
/* End XCConfigurationList section */
	};
	rootObject = E816626A21E8431400A35F1B /* Project object */;
}
