// !$*UTF8*$!
{
	archiveVersion = 1;
	classes = {
	};
	objectVersion = 50;
	objects = {

/* Begin PBXBuildFile section */
		48AF1FAC220FDC7600A38D53 /* Assets.xcassets in Resources */ = {isa = PBXBuildFile; fileRef = 48AF1FAB220FDC7600A38D53 /* Assets.xcassets */; };
		48AF1FB3220FDC7600A38D53 /* Build-A-Bod MessagesExtension.appex in Embed App Extensions */ = {isa = PBXBuildFile; fileRef = 48AF1FB2220FDC7600A38D53 /* Build-A-Bod MessagesExtension.appex */; settings = {ATTRIBUTES = (RemoveHeadersOnCopy, ); }; };
		48AF1FB8220FDC7600A38D53 /* Messages.framework in Frameworks */ = {isa = PBXBuildFile; fileRef = 48AF1FB7220FDC7600A38D53 /* Messages.framework */; };
		48AF1FBC220FDC7600A38D53 /* MessagesViewController.m in Sources */ = {isa = PBXBuildFile; fileRef = 48AF1FBB220FDC7600A38D53 /* MessagesViewController.m */; };
		48AF1FBF220FDC7600A38D53 /* MainInterface.storyboard in Resources */ = {isa = PBXBuildFile; fileRef = 48AF1FBD220FDC7600A38D53 /* MainInterface.storyboard */; };
		48AF1FC1220FDC7700A38D53 /* Assets.xcassets in Resources */ = {isa = PBXBuildFile; fileRef = 48AF1FC0220FDC7700A38D53 /* Assets.xcassets */; };
/* End PBXBuildFile section */

/* Begin PBXContainerItemProxy section */
		48AF1FB4220FDC7600A38D53 /* PBXContainerItemProxy */ = {
			isa = PBXContainerItemProxy;
			containerPortal = 48AF1FA2220FDC7400A38D53 /* Project object */;
			proxyType = 1;
			remoteGlobalIDString = 48AF1FB1220FDC7600A38D53;
			remoteInfo = "Build-A-Bod MessagesExtension";
		};
/* End PBXContainerItemProxy section */

/* Begin PBXCopyFilesBuildPhase section */
		48AF1FC8220FDC7700A38D53 /* Embed App Extensions */ = {
			isa = PBXCopyFilesBuildPhase;
			buildActionMask = 2147483647;
			dstPath = "";
			dstSubfolderSpec = 13;
			files = (
				48AF1FB3220FDC7600A38D53 /* Build-A-Bod MessagesExtension.appex in Embed App Extensions */,
			);
			name = "Embed App Extensions";
			runOnlyForDeploymentPostprocessing = 0;
		};
/* End PBXCopyFilesBuildPhase section */

/* Begin PBXFileReference section */
		48AF1FA8220FDC7400A38D53 /* Build-A-Bod.app */ = {isa = PBXFileReference; explicitFileType = wrapper.application; includeInIndex = 0; path = "Build-A-Bod.app"; sourceTree = BUILT_PRODUCTS_DIR; };
		48AF1FAB220FDC7600A38D53 /* Assets.xcassets */ = {isa = PBXFileReference; lastKnownFileType = folder.assetcatalog; path = Assets.xcassets; sourceTree = "<group>"; };
		48AF1FAD220FDC7600A38D53 /* Info.plist */ = {isa = PBXFileReference; lastKnownFileType = text.plist.xml; path = Info.plist; sourceTree = "<group>"; };
		48AF1FB2220FDC7600A38D53 /* Build-A-Bod MessagesExtension.appex */ = {isa = PBXFileReference; explicitFileType = "wrapper.app-extension"; includeInIndex = 0; path = "Build-A-Bod MessagesExtension.appex"; sourceTree = BUILT_PRODUCTS_DIR; };
		48AF1FB7220FDC7600A38D53 /* Messages.framework */ = {isa = PBXFileReference; lastKnownFileType = wrapper.framework; name = Messages.framework; path = System/Library/Frameworks/Messages.framework; sourceTree = SDKROOT; };
		48AF1FBA220FDC7600A38D53 /* MessagesViewController.h */ = {isa = PBXFileReference; lastKnownFileType = sourcecode.c.h; path = MessagesViewController.h; sourceTree = "<group>"; };
		48AF1FBB220FDC7600A38D53 /* MessagesViewController.m */ = {isa = PBXFileReference; lastKnownFileType = sourcecode.c.objc; path = MessagesViewController.m; sourceTree = "<group>"; };
		48AF1FBE220FDC7600A38D53 /* Base */ = {isa = PBXFileReference; lastKnownFileType = file.storyboard; name = Base; path = Base.lproj/MainInterface.storyboard; sourceTree = "<group>"; };
		48AF1FC0220FDC7700A38D53 /* Assets.xcassets */ = {isa = PBXFileReference; lastKnownFileType = folder.assetcatalog; path = Assets.xcassets; sourceTree = "<group>"; };
		48AF1FC2220FDC7700A38D53 /* Info.plist */ = {isa = PBXFileReference; lastKnownFileType = text.plist.xml; path = Info.plist; sourceTree = "<group>"; };
/* End PBXFileReference section */

/* Begin PBXFrameworksBuildPhase section */
		48AF1FAF220FDC7600A38D53 /* Frameworks */ = {
			isa = PBXFrameworksBuildPhase;
			buildActionMask = 2147483647;
			files = (
				48AF1FB8220FDC7600A38D53 /* Messages.framework in Frameworks */,
			);
			runOnlyForDeploymentPostprocessing = 0;
		};
/* End PBXFrameworksBuildPhase section */

/* Begin PBXGroup section */
		48AF1FA1220FDC7400A38D53 = {
			isa = PBXGroup;
			children = (
				48AF1FAA220FDC7400A38D53 /* Build-A-Bod */,
				48AF1FB9220FDC7600A38D53 /* Build-A-Bod MessagesExtension */,
				48AF1FB6220FDC7600A38D53 /* Frameworks */,
				48AF1FA9220FDC7400A38D53 /* Products */,
			);
			sourceTree = "<group>";
		};
		48AF1FA9220FDC7400A38D53 /* Products */ = {
			isa = PBXGroup;
			children = (
				48AF1FA8220FDC7400A38D53 /* Build-A-Bod.app */,
				48AF1FB2220FDC7600A38D53 /* Build-A-Bod MessagesExtension.appex */,
			);
			name = Products;
			sourceTree = "<group>";
		};
		48AF1FAA220FDC7400A38D53 /* Build-A-Bod */ = {
			isa = PBXGroup;
			children = (
				48AF1FAB220FDC7600A38D53 /* Assets.xcassets */,
				48AF1FAD220FDC7600A38D53 /* Info.plist */,
			);
			path = "Build-A-Bod";
			sourceTree = "<group>";
		};
		48AF1FB6220FDC7600A38D53 /* Frameworks */ = {
			isa = PBXGroup;
			children = (
				48AF1FB7220FDC7600A38D53 /* Messages.framework */,
			);
			name = Frameworks;
			sourceTree = "<group>";
		};
		48AF1FB9220FDC7600A38D53 /* Build-A-Bod MessagesExtension */ = {
			isa = PBXGroup;
			children = (
				48AF1FBA220FDC7600A38D53 /* MessagesViewController.h */,
				48AF1FBB220FDC7600A38D53 /* MessagesViewController.m */,
				48AF1FBD220FDC7600A38D53 /* MainInterface.storyboard */,
				48AF1FC0220FDC7700A38D53 /* Assets.xcassets */,
				48AF1FC2220FDC7700A38D53 /* Info.plist */,
			);
			path = "Build-A-Bod MessagesExtension";
			sourceTree = "<group>";
		};
/* End PBXGroup section */

/* Begin PBXNativeTarget section */
		48AF1FA7220FDC7400A38D53 /* Build-A-Bod */ = {
			isa = PBXNativeTarget;
			buildConfigurationList = 48AF1FC9220FDC7700A38D53 /* Build configuration list for PBXNativeTarget "Build-A-Bod" */;
			buildPhases = (
				48AF1FA6220FDC7400A38D53 /* Resources */,
				48AF1FC8220FDC7700A38D53 /* Embed App Extensions */,
			);
			buildRules = (
			);
			dependencies = (
				48AF1FB5220FDC7600A38D53 /* PBXTargetDependency */,
			);
			name = "Build-A-Bod";
			productName = "Build-A-Bod";
			productReference = 48AF1FA8220FDC7400A38D53 /* Build-A-Bod.app */;
			productType = "com.apple.product-type.application.messages";
		};
		48AF1FB1220FDC7600A38D53 /* Build-A-Bod MessagesExtension */ = {
			isa = PBXNativeTarget;
			buildConfigurationList = 48AF1FC5220FDC7700A38D53 /* Build configuration list for PBXNativeTarget "Build-A-Bod MessagesExtension" */;
			buildPhases = (
				48AF1FAE220FDC7600A38D53 /* Sources */,
				48AF1FAF220FDC7600A38D53 /* Frameworks */,
				48AF1FB0220FDC7600A38D53 /* Resources */,
			);
			buildRules = (
			);
			dependencies = (
			);
			name = "Build-A-Bod MessagesExtension";
			productName = "Build-A-Bod MessagesExtension";
			productReference = 48AF1FB2220FDC7600A38D53 /* Build-A-Bod MessagesExtension.appex */;
			productType = "com.apple.product-type.app-extension.messages";
		};
/* End PBXNativeTarget section */

/* Begin PBXProject section */
		48AF1FA2220FDC7400A38D53 /* Project object */ = {
			isa = PBXProject;
			attributes = {
				LastUpgradeCheck = 1000;
				ORGANIZATIONNAME = "Aditya Ramkumar";
				TargetAttributes = {
					48AF1FA7220FDC7400A38D53 = {
						CreatedOnToolsVersion = 10.0;
					};
					48AF1FB1220FDC7600A38D53 = {
						CreatedOnToolsVersion = 10.0;
					};
				};
			};
			buildConfigurationList = 48AF1FA5220FDC7400A38D53 /* Build configuration list for PBXProject "Build-A-Bod" */;
			compatibilityVersion = "Xcode 9.3";
			developmentRegion = en;
			hasScannedForEncodings = 0;
			knownRegions = (
				en,
				Base,
			);
			mainGroup = 48AF1FA1220FDC7400A38D53;
			productRefGroup = 48AF1FA9220FDC7400A38D53 /* Products */;
			projectDirPath = "";
			projectRoot = "";
			targets = (
				48AF1FA7220FDC7400A38D53 /* Build-A-Bod */,
				48AF1FB1220FDC7600A38D53 /* Build-A-Bod MessagesExtension */,
			);
		};
/* End PBXProject section */

/* Begin PBXResourcesBuildPhase section */
		48AF1FA6220FDC7400A38D53 /* Resources */ = {
			isa = PBXResourcesBuildPhase;
			buildActionMask = 2147483647;
			files = (
				48AF1FAC220FDC7600A38D53 /* Assets.xcassets in Resources */,
			);
			runOnlyForDeploymentPostprocessing = 0;
		};
		48AF1FB0220FDC7600A38D53 /* Resources */ = {
			isa = PBXResourcesBuildPhase;
			buildActionMask = 2147483647;
			files = (
				48AF1FC1220FDC7700A38D53 /* Assets.xcassets in Resources */,
				48AF1FBF220FDC7600A38D53 /* MainInterface.storyboard in Resources */,
			);
			runOnlyForDeploymentPostprocessing = 0;
		};
/* End PBXResourcesBuildPhase section */

/* Begin PBXSourcesBuildPhase section */
		48AF1FAE220FDC7600A38D53 /* Sources */ = {
			isa = PBXSourcesBuildPhase;
			buildActionMask = 2147483647;
			files = (
				48AF1FBC220FDC7600A38D53 /* MessagesViewController.m in Sources */,
			);
			runOnlyForDeploymentPostprocessing = 0;
		};
/* End PBXSourcesBuildPhase section */

/* Begin PBXTargetDependency section */
		48AF1FB5220FDC7600A38D53 /* PBXTargetDependency */ = {
			isa = PBXTargetDependency;
			target = 48AF1FB1220FDC7600A38D53 /* Build-A-Bod MessagesExtension */;
			targetProxy = 48AF1FB4220FDC7600A38D53 /* PBXContainerItemProxy */;
		};
/* End PBXTargetDependency section */

/* Begin PBXVariantGroup section */
		48AF1FBD220FDC7600A38D53 /* MainInterface.storyboard */ = {
			isa = PBXVariantGroup;
			children = (
				48AF1FBE220FDC7600A38D53 /* Base */,
			);
			name = MainInterface.storyboard;
			sourceTree = "<group>";
		};
/* End PBXVariantGroup section */

/* Begin XCBuildConfiguration section */
		48AF1FC3220FDC7700A38D53 /* Debug */ = {
			isa = XCBuildConfiguration;
			buildSettings = {
				ALWAYS_SEARCH_USER_PATHS = NO;
				CLANG_ANALYZER_NONNULL = YES;
				CLANG_ANALYZER_NUMBER_OBJECT_CONVERSION = YES_AGGRESSIVE;
				CLANG_CXX_LANGUAGE_STANDARD = "gnu++14";
				CLANG_CXX_LIBRARY = "libc++";
				CLANG_ENABLE_MODULES = YES;
				CLANG_ENABLE_OBJC_ARC = YES;
				CLANG_ENABLE_OBJC_WEAK = YES;
				CLANG_WARN_BLOCK_CAPTURE_AUTORELEASING = YES;
				CLANG_WARN_BOOL_CONVERSION = YES;
				CLANG_WARN_COMMA = YES;
				CLANG_WARN_CONSTANT_CONVERSION = YES;
				CLANG_WARN_DEPRECATED_OBJC_IMPLEMENTATIONS = YES;
				CLANG_WARN_DIRECT_OBJC_ISA_USAGE = YES_ERROR;
				CLANG_WARN_DOCUMENTATION_COMMENTS = YES;
				CLANG_WARN_EMPTY_BODY = YES;
				CLANG_WARN_ENUM_CONVERSION = YES;
				CLANG_WARN_INFINITE_RECURSION = YES;
				CLANG_WARN_INT_CONVERSION = YES;
				CLANG_WARN_NON_LITERAL_NULL_CONVERSION = YES;
				CLANG_WARN_OBJC_IMPLICIT_RETAIN_SELF = YES;
				CLANG_WARN_OBJC_LITERAL_CONVERSION = YES;
				CLANG_WARN_OBJC_ROOT_CLASS = YES_ERROR;
				CLANG_WARN_RANGE_LOOP_ANALYSIS = YES;
				CLANG_WARN_STRICT_PROTOTYPES = YES;
				CLANG_WARN_SUSPICIOUS_MOVE = YES;
				CLANG_WARN_UNGUARDED_AVAILABILITY = YES_AGGRESSIVE;
				CLANG_WARN_UNREACHABLE_CODE = YES;
				CLANG_WARN__DUPLICATE_METHOD_MATCH = YES;
				CODE_SIGN_IDENTITY = "iPhone Developer";
				COPY_PHASE_STRIP = NO;
				DEBUG_INFORMATION_FORMAT = dwarf;
				ENABLE_STRICT_OBJC_MSGSEND = YES;
				ENABLE_TESTABILITY = YES;
				GCC_C_LANGUAGE_STANDARD = gnu11;
				GCC_DYNAMIC_NO_PIC = NO;
				GCC_NO_COMMON_BLOCKS = YES;
				GCC_OPTIMIZATION_LEVEL = 0;
				GCC_PREPROCESSOR_DEFINITIONS = (
					"DEBUG=1",
					"$(inherited)",
				);
				GCC_WARN_64_TO_32_BIT_CONVERSION = YES;
				GCC_WARN_ABOUT_RETURN_TYPE = YES_ERROR;
				GCC_WARN_UNDECLARED_SELECTOR = YES;
				GCC_WARN_UNINITIALIZED_AUTOS = YES_AGGRESSIVE;
				GCC_WARN_UNUSED_FUNCTION = YES;
				GCC_WARN_UNUSED_VARIABLE = YES;
				IPHONEOS_DEPLOYMENT_TARGET = 12.0;
				MTL_ENABLE_DEBUG_INFO = INCLUDE_SOURCE;
				MTL_FAST_MATH = YES;
				ONLY_ACTIVE_ARCH = YES;
				SDKROOT = iphoneos;
			};
			name = Debug;
		};
		48AF1FC4220FDC7700A38D53 /* Release */ = {
			isa = XCBuildConfiguration;
			buildSettings = {
				ALWAYS_SEARCH_USER_PATHS = NO;
				CLANG_ANALYZER_NONNULL = YES;
				CLANG_ANALYZER_NUMBER_OBJECT_CONVERSION = YES_AGGRESSIVE;
				CLANG_CXX_LANGUAGE_STANDARD = "gnu++14";
				CLANG_CXX_LIBRARY = "libc++";
				CLANG_ENABLE_MODULES = YES;
				CLANG_ENABLE_OBJC_ARC = YES;
				CLANG_ENABLE_OBJC_WEAK = YES;
				CLANG_WARN_BLOCK_CAPTURE_AUTORELEASING = YES;
				CLANG_WARN_BOOL_CONVERSION = YES;
				CLANG_WARN_COMMA = YES;
				CLANG_WARN_CONSTANT_CONVERSION = YES;
				CLANG_WARN_DEPRECATED_OBJC_IMPLEMENTATIONS = YES;
				CLANG_WARN_DIRECT_OBJC_ISA_USAGE = YES_ERROR;
				CLANG_WARN_DOCUMENTATION_COMMENTS = YES;
				CLANG_WARN_EMPTY_BODY = YES;
				CLANG_WARN_ENUM_CONVERSION = YES;
				CLANG_WARN_INFINITE_RECURSION = YES;
				CLANG_WARN_INT_CONVERSION = YES;
				CLANG_WARN_NON_LITERAL_NULL_CONVERSION = YES;
				CLANG_WARN_OBJC_IMPLICIT_RETAIN_SELF = YES;
				CLANG_WARN_OBJC_LITERAL_CONVERSION = YES;
				CLANG_WARN_OBJC_ROOT_CLASS = YES_ERROR;
				CLANG_WARN_RANGE_LOOP_ANALYSIS = YES;
				CLANG_WARN_STRICT_PROTOTYPES = YES;
				CLANG_WARN_SUSPICIOUS_MOVE = YES;
				CLANG_WARN_UNGUARDED_AVAILABILITY = YES_AGGRESSIVE;
				CLANG_WARN_UNREACHABLE_CODE = YES;
				CLANG_WARN__DUPLICATE_METHOD_MATCH = YES;
				CODE_SIGN_IDENTITY = "iPhone Developer";
				COPY_PHASE_STRIP = NO;
				DEBUG_INFORMATION_FORMAT = "dwarf-with-dsym";
				ENABLE_NS_ASSERTIONS = NO;
				ENABLE_STRICT_OBJC_MSGSEND = YES;
				GCC_C_LANGUAGE_STANDARD = gnu11;
				GCC_NO_COMMON_BLOCKS = YES;
				GCC_WARN_64_TO_32_BIT_CONVERSION = YES;
				GCC_WARN_ABOUT_RETURN_TYPE = YES_ERROR;
				GCC_WARN_UNDECLARED_SELECTOR = YES;
				GCC_WARN_UNINITIALIZED_AUTOS = YES_AGGRESSIVE;
				GCC_WARN_UNUSED_FUNCTION = YES;
				GCC_WARN_UNUSED_VARIABLE = YES;
				IPHONEOS_DEPLOYMENT_TARGET = 12.0;
				MTL_ENABLE_DEBUG_INFO = NO;
				MTL_FAST_MATH = YES;
				SDKROOT = iphoneos;
				VALIDATE_PRODUCT = YES;
			};
			name = Release;
		};
		48AF1FC6220FDC7700A38D53 /* Debug */ = {
			isa = XCBuildConfiguration;
			buildSettings = {
				ASSETCATALOG_COMPILER_APPICON_NAME = "iMessage App Icon";
				CODE_SIGN_STYLE = Automatic;
				INFOPLIST_FILE = "Build-A-Bod MessagesExtension/Info.plist";
				LD_RUNPATH_SEARCH_PATHS = (
					"$(inherited)",
					"@executable_path/Frameworks",
					"@executable_path/../../Frameworks",
				);
				PRODUCT_BUNDLE_IDENTIFIER = "Aditya-Ramkumar.Build-A-Bod.MessagesExtension";
				PRODUCT_NAME = "$(TARGET_NAME)";
				SKIP_INSTALL = YES;
				TARGETED_DEVICE_FAMILY = "1,2";
			};
			name = Debug;
		};
		48AF1FC7220FDC7700A38D53 /* Release */ = {
			isa = XCBuildConfiguration;
			buildSettings = {
				ASSETCATALOG_COMPILER_APPICON_NAME = "iMessage App Icon";
				CODE_SIGN_STYLE = Automatic;
				INFOPLIST_FILE = "Build-A-Bod MessagesExtension/Info.plist";
				LD_RUNPATH_SEARCH_PATHS = (
					"$(inherited)",
					"@executable_path/Frameworks",
					"@executable_path/../../Frameworks",
				);
				PRODUCT_BUNDLE_IDENTIFIER = "Aditya-Ramkumar.Build-A-Bod.MessagesExtension";
				PRODUCT_NAME = "$(TARGET_NAME)";
				SKIP_INSTALL = YES;
				TARGETED_DEVICE_FAMILY = "1,2";
			};
			name = Release;
		};
		48AF1FCA220FDC7700A38D53 /* Debug */ = {
			isa = XCBuildConfiguration;
			buildSettings = {
				ASSETCATALOG_COMPILER_APPICON_NAME = AppIcon;
				CODE_SIGN_STYLE = Automatic;
				INFOPLIST_FILE = "Build-A-Bod/Info.plist";
				PRODUCT_BUNDLE_IDENTIFIER = "Aditya-Ramkumar.Build-A-Bod";
				PRODUCT_NAME = "$(TARGET_NAME)";
				TARGETED_DEVICE_FAMILY = "1,2";
			};
			name = Debug;
		};
		48AF1FCB220FDC7700A38D53 /* Release */ = {
			isa = XCBuildConfiguration;
			buildSettings = {
				ASSETCATALOG_COMPILER_APPICON_NAME = AppIcon;
				CODE_SIGN_STYLE = Automatic;
				INFOPLIST_FILE = "Build-A-Bod/Info.plist";
				PRODUCT_BUNDLE_IDENTIFIER = "Aditya-Ramkumar.Build-A-Bod";
				PRODUCT_NAME = "$(TARGET_NAME)";
				TARGETED_DEVICE_FAMILY = "1,2";
			};
			name = Release;
		};
/* End XCBuildConfiguration section */

/* Begin XCConfigurationList section */
		48AF1FA5220FDC7400A38D53 /* Build configuration list for PBXProject "Build-A-Bod" */ = {
			isa = XCConfigurationList;
			buildConfigurations = (
				48AF1FC3220FDC7700A38D53 /* Debug */,
				48AF1FC4220FDC7700A38D53 /* Release */,
			);
			defaultConfigurationIsVisible = 0;
			defaultConfigurationName = Release;
		};
		48AF1FC5220FDC7700A38D53 /* Build configuration list for PBXNativeTarget "Build-A-Bod MessagesExtension" */ = {
			isa = XCConfigurationList;
			buildConfigurations = (
				48AF1FC6220FDC7700A38D53 /* Debug */,
				48AF1FC7220FDC7700A38D53 /* Release */,
			);
			defaultConfigurationIsVisible = 0;
			defaultConfigurationName = Release;
		};
		48AF1FC9220FDC7700A38D53 /* Build configuration list for PBXNativeTarget "Build-A-Bod" */ = {
			isa = XCConfigurationList;
			buildConfigurations = (
				48AF1FCA220FDC7700A38D53 /* Debug */,
				48AF1FCB220FDC7700A38D53 /* Release */,
			);
			defaultConfigurationIsVisible = 0;
			defaultConfigurationName = Release;
		};
/* End XCConfigurationList section */
	};
	rootObject = 48AF1FA2220FDC7400A38D53 /* Project object */;
}
